<Solution>
  <Folder Name="/src/">
    <Project Path="src/InsuranceClaims.Api/InsuranceClaims.Api.csproj" />
    <Project Path="src/InsuranceClaims.Application/InsuranceClaims.Application.csproj" />
    <Project Path="src/InsuranceClaims.Domain/InsuranceClaims.Domain.csproj" />
    <Project Path="src/InsuranceClaims.Infrastructure/InsuranceClaims.Infrastructure.csproj" />
  </Folder>
  <Folder Name="/tests/">
    <Project Path="tests/InsuranceClaims.IntegrationTests/InsuranceClaims.IntegrationTests.csproj" />
    <Project Path="tests/InsuranceClaims.UnitTests/InsuranceClaims.UnitTests.csproj" />
  </Folder>
</Solution>
